
Microsoft Visual Studio Solution File, Format Version 12.00
# Visual Studio Version 16
VisualStudioVersion = 16.0.30717.126
MinimumVisualStudioVersion = 10.0.40219.1
Project("{FAE04EC0-301F-11D3-BF4B-00C04F79EFBC}") = "CalcHardTry", "CalcHardTry\CalcHardTry.csproj", "{715893C3-F24F-4ABA-BA16-9EB256658B2E}"
EndProject
Global
	GlobalSection(SolutionConfigurationPlatforms) = preSolution
		Debug|Any CPU = Debug|Any CPU
		Release|Any CPU = Release|Any CPU
	EndGlobalSection
	GlobalSection(ProjectConfigurationPlatforms) = postSolution
		{715893C3-F24F-4ABA-BA16-9EB256658B2E}.Debug|Any CPU.ActiveCfg = Debug|Any CPU
		{715893C3-F24F-4ABA-BA16-9EB256658B2E}.Debug|Any CPU.Build.0 = Debug|Any CPU
		{715893C3-F24F-4ABA-BA16-9EB256658B2E}.Release|Any CPU.ActiveCfg = Release|Any CPU
		{715893C3-F24F-4ABA-BA16-9EB256658B2E}.Release|Any CPU.Build.0 = Release|Any CPU
	EndGlobalSection
	GlobalSection(SolutionProperties) = preSolution
		HideSolutionNode = FALSE
	EndGlobalSection
	GlobalSection(ExtensibilityGlobals) = postSolution
		SolutionGuid = {F0899251-68FC-432F-A4B4-6284D5B16C5F}
	EndGlobalSection
EndGlobal
